// !$*UTF8*$!
{
	archiveVersion = 1;
	classes = {
	};
	objectVersion = 77;
	objects = {

/* Begin PBXBuildFile section */
		057E997D78557C8DAEBE8975 /* RunLabApp.swift in Sources */ = {isa = PBXBuildFile; fileRef = 467D5488951BF47B2E5790E8 /* RunLabApp.swift */; };
		2186F3A1583B5C5E8E470261 /* WebShellView.swift in Sources */ = {isa = PBXBuildFile; fileRef = 54A601772123B227CF5EC8C9 /* WebShellView.swift */; };
		2C4E1EB69BCDF4A58B7A74CD /* ContentView.swift in Sources */ = {isa = PBXBuildFile; fileRef = 827E99B4703013BEC5653E3C /* ContentView.swift */; };
		53D69B712E2F12233B43A293 /* bell.caf in Resources */ = {isa = PBXBuildFile; fileRef = CD877D04D3116B0180760227 /* bell.caf */; };
		5EC52325FCA31ECE8AD553EC /* AlarmService.swift in Sources */ = {isa = PBXBuildFile; fileRef = 50D1FA7C462E85110A722023 /* AlarmService.swift */; };
		7C5123C61148AD419F6BE4B5 /* OpenSurveyIntent.swift in Sources */ = {isa = PBXBuildFile; fileRef = 37405C0C4B27A12ED39DA4EC /* OpenSurveyIntent.swift */; };
		863B89BE328AD5FEE315E685 /* radar.caf in Resources */ = {isa = PBXBuildFile; fileRef = 55BE3123FDD8B98DE34ED404 /* radar.caf */; };
		A0493F681B685B4C63A96E70 /* digital.caf in Resources */ = {isa = PBXBuildFile; fileRef = 34BC9D790BB466224ABA61D9 /* digital.caf */; };
		B9B01902D0D327C76AF8A72F /* Assets.xcassets in Resources */ = {isa = PBXBuildFile; fileRef = 9FD10221535483379459401B /* Assets.xcassets */; };
		C78E32AD1893662A36D221CA /* chime.caf in Resources */ = {isa = PBXBuildFile; fileRef = 0BC906172B4E8622C416F5FC /* chime.caf */; };
		EEF4C9886CAA0D74A43F3234 /* HealthKitService.swift in Sources */ = {isa = PBXBuildFile; fileRef = 04BE95749D9257A42FDAEE0A /* HealthKitService.swift */; };
/* End PBXBuildFile section */

/* Begin PBXFileReference section */
		04BE95749D9257A42FDAEE0A /* HealthKitService.swift */ = {isa = PBXFileReference; lastKnownFileType = sourcecode.swift; path = HealthKitService.swift; sourceTree = "<group>"; };
		0BC906172B4E8622C416F5FC /* chime.caf */ = {isa = PBXFileReference; path = chime.caf; sourceTree = "<group>"; };
		2A475E6F8EA4C4B25F854BA8 /* RunLab.app */ = {isa = PBXFileReference; includeInIndex = 0; lastKnownFileType = wrapper.application; path = RunLab.app; sourceTree = BUILT_PRODUCTS_DIR; };
		34BC9D790BB466224ABA61D9 /* digital.caf */ = {isa = PBXFileReference; path = digital.caf; sourceTree = "<group>"; };
		37405C0C4B27A12ED39DA4EC /* OpenSurveyIntent.swift */ = {isa = PBXFileReference; lastKnownFileType = sourcecode.swift; path = OpenSurveyIntent.swift; sourceTree = "<group>"; };
		3D2A8E13BDEF5571E4AF00F4 /* RunLab.entitlements */ = {isa = PBXFileReference; lastKnownFileType = text.plist.entitlements; path = RunLab.entitlements; sourceTree = "<group>"; };
		467D5488951BF47B2E5790E8 /* RunLabApp.swift */ = {isa = PBXFileReference; lastKnownFileType = sourcecode.swift; path = RunLabApp.swift; sourceTree = "<group>"; };
		50D1FA7C462E85110A722023 /* AlarmService.swift */ = {isa = PBXFileReference; lastKnownFileType = sourcecode.swift; path = AlarmService.swift; sourceTree = "<group>"; };
		54A601772123B227CF5EC8C9 /* WebShellView.swift */ = {isa = PBXFileReference; lastKnownFileType = sourcecode.swift; path = WebShellView.swift; sourceTree = "<group>"; };
		55BE3123FDD8B98DE34ED404 /* radar.caf */ = {isa = PBXFileReference; path = radar.caf; sourceTree = "<group>"; };
		827E99B4703013BEC5653E3C /* ContentView.swift */ = {isa = PBXFileReference; lastKnownFileType = sourcecode.swift; path = ContentView.swift; sourceTree = "<group>"; };
		9FD10221535483379459401B /* Assets.xcassets */ = {isa = PBXFileReference; lastKnownFileType = folder.assetcatalog; path = Assets.xcassets; sourceTree = "<group>"; };
		A5A93E0CE757EB07DBF175A9 /* Info.plist */ = {isa = PBXFileReference; lastKnownFileType = text.plist; path = Info.plist; sourceTree = "<group>"; };
		CD877D04D3116B0180760227 /* bell.caf */ = {isa = PBXFileReference; path = bell.caf; sourceTree = "<group>"; };
/* End PBXFileReference section */

/* Begin PBXGroup section */
		4F92C71302EB4C366D09252A = {
			isa = PBXGroup;
			children = (
				90FB8B7837F1057B580D02D1 /* RunLab */,
				8BCC9354B0CF5A1A991FF150 /* Products */,
			);
			sourceTree = "<group>";
		};
		5A3F97015884734CA130EC1C /* Sources */ = {
			isa = PBXGroup;
			children = (
				50D1FA7C462E85110A722023 /* AlarmService.swift */,
				827E99B4703013BEC5653E3C /* ContentView.swift */,
				04BE95749D9257A42FDAEE0A /* HealthKitService.swift */,
				37405C0C4B27A12ED39DA4EC /* OpenSurveyIntent.swift */,
				467D5488951BF47B2E5790E8 /* RunLabApp.swift */,
				54A601772123B227CF5EC8C9 /* WebShellView.swift */,
			);
			path = Sources;
			sourceTree = "<group>";
		};
		8BCC9354B0CF5A1A991FF150 /* Products */ = {
			isa = PBXGroup;
			children = (
				2A475E6F8EA4C4B25F854BA8 /* RunLab.app */,
			);
			name = Products;
			sourceTree = "<group>";
		};
		90FB8B7837F1057B580D02D1 /* RunLab */ = {
			isa = PBXGroup;
			children = (
				9FD10221535483379459401B /* Assets.xcassets */,
				A5A93E0CE757EB07DBF175A9 /* Info.plist */,
				3D2A8E13BDEF5571E4AF00F4 /* RunLab.entitlements */,
				92354E2C0CD2C4AC95126A68 /* Sounds */,
				5A3F97015884734CA130EC1C /* Sources */,
			);
			path = RunLab;
			sourceTree = "<group>";
		};
		92354E2C0CD2C4AC95126A68 /* Sounds */ = {
			isa = PBXGroup;
			children = (
				CD877D04D3116B0180760227 /* bell.caf */,
				0BC906172B4E8622C416F5FC /* chime.caf */,
				34BC9D790BB466224ABA61D9 /* digital.caf */,
				55BE3123FDD8B98DE34ED404 /* radar.caf */,
			);
			path = Sounds;
			sourceTree = "<group>";
		};
/* End PBXGroup section */

/* Begin PBXNativeTarget section */
		85A5027BF5826FE64F86AA1D /* RunLab */ = {
			isa = PBXNativeTarget;
			buildConfigurationList = 911DF3C2E474E59E83965B73 /* Build configuration list for PBXNativeTarget "RunLab" */;
			buildPhases = (
				2092EDD0171E98DD48984AA5 /* Sources */,
				7C7E1F38308E32A36B01D58E /* Resources */,
			);
			buildRules = (
			);
			dependencies = (
			);
			name = RunLab;
			packageProductDependencies = (
			);
			productName = RunLab;
			productReference = 2A475E6F8EA4C4B25F854BA8 /* RunLab.app */;
			productType = "com.apple.product-type.application";
		};
/* End PBXNativeTarget section */

/* Begin PBXProject section */
		61D5C041A70383F84BE28CA1 /* Project object */ = {
			isa = PBXProject;
			attributes = {
				BuildIndependentTargetsInParallel = YES;
				LastUpgradeCheck = 1430;
				TargetAttributes = {
					85A5027BF5826FE64F86AA1D = {
						DevelopmentTeam = C9UCX4Z9RZ;
						ProvisioningStyle = Automatic;
					};
				};
			};
			buildConfigurationList = 9916B17C18B799965CF15FE9 /* Build configuration list for PBXProject "RunLab" */;
			developmentRegion = en;
			hasScannedForEncodings = 0;
			knownRegions = (
				Base,
				en,
			);
			mainGroup = 4F92C71302EB4C366D09252A;
			minimizedProjectReferenceProxies = 1;
			preferredProjectObjectVersion = 77;
			productRefGroup = 8BCC9354B0CF5A1A991FF150 /* Products */;
			projectDirPath = "";
			projectRoot = "";
			targets = (
				85A5027BF5826FE64F86AA1D /* RunLab */,
			);
		};
/* End PBXProject section */

/* Begin PBXResourcesBuildPhase section */
		7C7E1F38308E32A36B01D58E /* Resources */ = {
			isa = PBXResourcesBuildPhase;
			buildActionMask = 2147483647;
			files = (
				B9B01902D0D327C76AF8A72F /* Assets.xcassets in Resources */,
				53D69B712E2F12233B43A293 /* bell.caf in Resources */,
				C78E32AD1893662A36D221CA /* chime.caf in Resources */,
				A0493F681B685B4C63A96E70 /* digital.caf in Resources */,
				863B89BE328AD5FEE315E685 /* radar.caf in Resources */,
			);
			runOnlyForDeploymentPostprocessing = 0;
		};
/* End PBXResourcesBuildPhase section */

/* Begin PBXSourcesBuildPhase section */
		2092EDD0171E98DD48984AA5 /* Sources */ = {
			isa = PBXSourcesBuildPhase;
			buildActionMask = 2147483647;
			files = (
				5EC52325FCA31ECE8AD553EC /* AlarmService.swift in Sources */,
				2C4E1EB69BCDF4A58B7A74CD /* ContentView.swift in Sources */,
				EEF4C9886CAA0D74A43F3234 /* HealthKitService.swift in Sources */,
				7C5123C61148AD419F6BE4B5 /* OpenSurveyIntent.swift in Sources */,
				057E997D78557C8DAEBE8975 /* RunLabApp.swift in Sources */,
				2186F3A1583B5C5E8E470261 /* WebShellView.swift in Sources */,
			);
			runOnlyForDeploymentPostprocessing = 0;
		};
/* End PBXSourcesBuildPhase section */

/* Begin XCBuildConfiguration section */
		4F9939484E07207EFB44B4DB /* Debug */ = {
			isa = XCBuildConfiguration;
			buildSettings = {
				ASSETCATALOG_COMPILER_APPICON_NAME = AppIcon;
				CODE_SIGN_ENTITLEMENTS = RunLab/RunLab.entitlements;
				CODE_SIGN_IDENTITY = "iPhone Developer";
				CODE_SIGN_STYLE = Automatic;
				CURRENT_PROJECT_VERSION = 1;
				DEVELOPMENT_TEAM = C9UCX4Z9RZ;
				INFOPLIST_FILE = RunLab/Info.plist;
				INFOPLIST_KEY_UIUserInterfaceStyle = Light;
				IPHONEOS_DEPLOYMENT_TARGET = 18.0;
				LD_RUNPATH_SEARCH_PATHS = (
					"$(inherited)",
					"@executable_path/Frameworks",
				);
				MARKETING_VERSION = 1.0.0;
				PRODUCT_BUNDLE_IDENTIFIER = com.snuyoon.runlab;
				SDKROOT = iphoneos;
				SWIFT_VERSION = 5.0;
				TARGETED_DEVICE_FAMILY = 1;
			};
			name = Debug;
		};
		537A01DBFA7D8A5010076F98 /* Debug */ = {
			isa = XCBuildConfiguration;
			buildSettings = {
				ALWAYS_SEARCH_USER_PATHS = NO;
				CLANG_ANALYZER_NONNULL = YES;
				CLANG_ANALYZER_NUMBER_OBJECT_CONVERSION = YES_AGGRESSIVE;
				CLANG_CXX_LANGUAGE_STANDARD = "gnu++14";
				CLANG_CXX_LIBRARY = "libc++";
				CLANG_ENABLE_MODULES = YES;
				CLANG_ENABLE_OBJC_ARC = YES;
				CLANG_ENABLE_OBJC_WEAK = YES;
				CLANG_WARN_BLOCK_CAPTURE_AUTORELEASING = YES;
				CLANG_WARN_BOOL_CONVERSION = YES;
				CLANG_WARN_COMMA = YES;
				CLANG_WARN_CONSTANT_CONVERSION = YES;
				CLANG_WARN_DEPRECATED_OBJC_IMPLEMENTATIONS = YES;
				CLANG_WARN_DIRECT_OBJC_ISA_USAGE = YES_ERROR;
				CLANG_WARN_DOCUMENTATION_COMMENTS = YES;
				CLANG_WARN_EMPTY_BODY = YES;
				CLANG_WARN_ENUM_CONVERSION = YES;
				CLANG_WARN_INFINITE_RECURSION = YES;
				CLANG_WARN_INT_CONVERSION = YES;
				CLANG_WARN_NON_LITERAL_NULL_CONVERSION = YES;
				CLANG_WARN_OBJC_IMPLICIT_RETAIN_SELF = YES;
				CLANG_WARN_OBJC_LITERAL_CONVERSION = YES;
				CLANG_WARN_OBJC_ROOT_CLASS = YES_ERROR;
				CLANG_WARN_QUOTED_INCLUDE_IN_FRAMEWORK_HEADER = YES;
				CLANG_WARN_RANGE_LOOP_ANALYSIS = YES;
				CLANG_WARN_STRICT_PROTOTYPES = YES;
				CLANG_WARN_SUSPICIOUS_MOVE = YES;
				CLANG_WARN_UNGUARDED_AVAILABILITY = YES_AGGRESSIVE;
				CLANG_WARN_UNREACHABLE_CODE = YES;
				CLANG_WARN__DUPLICATE_METHOD_MATCH = YES;
				COPY_PHASE_STRIP = NO;
				DEBUG_INFORMATION_FORMAT = dwarf;
				ENABLE_STRICT_OBJC_MSGSEND = YES;
				ENABLE_TESTABILITY = YES;
				GCC_C_LANGUAGE_STANDARD = gnu11;
				GCC_DYNAMIC_NO_PIC = NO;
				GCC_NO_COMMON_BLOCKS = YES;
				GCC_OPTIMIZATION_LEVEL = 0;
				GCC_PREPROCESSOR_DEFINITIONS = (
					"$(inherited)",
					"DEBUG=1",
				);
				GCC_WARN_64_TO_32_BIT_CONVERSION = YES;
				GCC_WARN_ABOUT_RETURN_TYPE = YES_ERROR;
				GCC_WARN_UNDECLARED_SELECTOR = YES;
				GCC_WARN_UNINITIALIZED_AUTOS = YES_AGGRESSIVE;
				GCC_WARN_UNUSED_FUNCTION = YES;
				GCC_WARN_UNUSED_VARIABLE = YES;
				IPHONEOS_DEPLOYMENT_TARGET = 18.0;
				MTL_ENABLE_DEBUG_INFO = INCLUDE_SOURCE;
				MTL_FAST_MATH = YES;
				ONLY_ACTIVE_ARCH = YES;
				PRODUCT_NAME = "$(TARGET_NAME)";
				SDKROOT = iphoneos;
				SWIFT_ACTIVE_COMPILATION_CONDITIONS = DEBUG;
				SWIFT_OPTIMIZATION_LEVEL = "-Onone";
				SWIFT_VERSION = 5.0;
			};
			name = Debug;
		};
		9D70B10CA5D607B858785A29 /* Release */ = {
			isa = XCBuildConfiguration;
			buildSettings = {
				ALWAYS_SEARCH_USER_PATHS = NO;
				CLANG_ANALYZER_NONNULL = YES;
				CLANG_ANALYZER_NUMBER_OBJECT_CONVERSION = YES_AGGRESSIVE;
				CLANG_CXX_LANGUAGE_STANDARD = "gnu++14";
				CLANG_CXX_LIBRARY = "libc++";
				CLANG_ENABLE_MODULES = YES;
				CLANG_ENABLE_OBJC_ARC = YES;
				CLANG_ENABLE_OBJC_WEAK = YES;
				CLANG_WARN_BLOCK_CAPTURE_AUTORELEASING = YES;
				CLANG_WARN_BOOL_CONVERSION = YES;
				CLANG_WARN_COMMA = YES;
				CLANG_WARN_CONSTANT_CONVERSION = YES;
				CLANG_WARN_DEPRECATED_OBJC_IMPLEMENTATIONS = YES;
				CLANG_WARN_DIRECT_OBJC_ISA_USAGE = YES_ERROR;
				CLANG_WARN_DOCUMENTATION_COMMENTS = YES;
				CLANG_WARN_EMPTY_BODY = YES;
				CLANG_WARN_ENUM_CONVERSION = YES;
				CLANG_WARN_INFINITE_RECURSION = YES;
				CLANG_WARN_INT_CONVERSION = YES;
				CLANG_WARN_NON_LITERAL_NULL_CONVERSION = YES;
				CLANG_WARN_OBJC_IMPLICIT_RETAIN_SELF = YES;
				CLANG_WARN_OBJC_LITERAL_CONVERSION = YES;
				CLANG_WARN_OBJC_ROOT_CLASS = YES_ERROR;
				CLANG_WARN_QUOTED_INCLUDE_IN_FRAMEWORK_HEADER = YES;
				CLANG_WARN_RANGE_LOOP_ANALYSIS = YES;
				CLANG_WARN_STRICT_PROTOTYPES = YES;
				CLANG_WARN_SUSPICIOUS_MOVE = YES;
				CLANG_WARN_UNGUARDED_AVAILABILITY = YES_AGGRESSIVE;
				CLANG_WARN_UNREACHABLE_CODE = YES;
				CLANG_WARN__DUPLICATE_METHOD_MATCH = YES;
				COPY_PHASE_STRIP = NO;
				DEBUG_INFORMATION_FORMAT = "dwarf-with-dsym";
				ENABLE_NS_ASSERTIONS = NO;
				ENABLE_STRICT_OBJC_MSGSEND = YES;
				GCC_C_LANGUAGE_STANDARD = gnu11;
				GCC_NO_COMMON_BLOCKS = YES;
				GCC_WARN_64_TO_32_BIT_CONVERSION = YES;
				GCC_WARN_ABOUT_RETURN_TYPE = YES_ERROR;
				GCC_WARN_UNDECLARED_SELECTOR = YES;
				GCC_WARN_UNINITIALIZED_AUTOS = YES_AGGRESSIVE;
				GCC_WARN_UNUSED_FUNCTION = YES;
				GCC_WARN_UNUSED_VARIABLE = YES;
				IPHONEOS_DEPLOYMENT_TARGET = 18.0;
				MTL_ENABLE_DEBUG_INFO = NO;
				MTL_FAST_MATH = YES;
				PRODUCT_NAME = "$(TARGET_NAME)";
				SDKROOT = iphoneos;
				SWIFT_COMPILATION_MODE = wholemodule;
				SWIFT_OPTIMIZATION_LEVEL = "-O";
				SWIFT_VERSION = 5.0;
			};
			name = Release;
		};
		DA8A3CA462F86EE12075196A /* Release */ = {
			isa = XCBuildConfiguration;
			buildSettings = {
				ASSETCATALOG_COMPILER_APPICON_NAME = AppIcon;
				CODE_SIGN_ENTITLEMENTS = RunLab/RunLab.entitlements;
				CODE_SIGN_IDENTITY = "iPhone Developer";
				CODE_SIGN_STYLE = Automatic;
				CURRENT_PROJECT_VERSION = 1;
				DEVELOPMENT_TEAM = C9UCX4Z9RZ;
				INFOPLIST_FILE = RunLab/Info.plist;
				INFOPLIST_KEY_UIUserInterfaceStyle = Light;
				IPHONEOS_DEPLOYMENT_TARGET = 18.0;
				LD_RUNPATH_SEARCH_PATHS = (
					"$(inherited)",
					"@executable_path/Frameworks",
				);
				MARKETING_VERSION = 1.0.0;
				PRODUCT_BUNDLE_IDENTIFIER = com.snuyoon.runlab;
				SDKROOT = iphoneos;
				SWIFT_VERSION = 5.0;
				TARGETED_DEVICE_FAMILY = 1;
			};
			name = Release;
		};
/* End XCBuildConfiguration section */

/* Begin XCConfigurationList section */
		911DF3C2E474E59E83965B73 /* Build configuration list for PBXNativeTarget "RunLab" */ = {
			isa = XCConfigurationList;
			buildConfigurations = (
				4F9939484E07207EFB44B4DB /* Debug */,
				DA8A3CA462F86EE12075196A /* Release */,
			);
			defaultConfigurationIsVisible = 0;
			defaultConfigurationName = Debug;
		};
		9916B17C18B799965CF15FE9 /* Build configuration list for PBXProject "RunLab" */ = {
			isa = XCConfigurationList;
			buildConfigurations = (
				537A01DBFA7D8A5010076F98 /* Debug */,
				9D70B10CA5D607B858785A29 /* Release */,
			);
			defaultConfigurationIsVisible = 0;
			defaultConfigurationName = Debug;
		};
/* End XCConfigurationList section */
	};
	rootObject = 61D5C041A70383F84BE28CA1 /* Project object */;
}
